// !$*UTF8*$!
{
	archiveVersion = 1;
	classes = {
	};
	objectVersion = 48;
	objects = {

/* Begin PBXBuildFile section */
		CB672AD72052D2E80035D5C6 /* AppDelegate.swift in Sources */ = {isa = PBXBuildFile; fileRef = CB672AD62052D2E80035D5C6 /* AppDelegate.swift */; };
		CB672AD92052D2E80035D5C6 /* ViewController.swift in Sources */ = {isa = PBXBuildFile; fileRef = CB672AD82052D2E80035D5C6 /* ViewController.swift */; };
		CB672ADC2052D2E80035D5C6 /* Main.storyboard in Resources */ = {isa = PBXBuildFile; fileRef = CB672ADA2052D2E80035D5C6 /* Main.storyboard */; };
		CB672ADF2052D2E80035D5C6 /* rage_rabbit.xcdatamodeld in Sources */ = {isa = PBXBuildFile; fileRef = CB672ADD2052D2E80035D5C6 /* rage_rabbit.xcdatamodeld */; };
		CB672AE12052D2E80035D5C6 /* Assets.xcassets in Resources */ = {isa = PBXBuildFile; fileRef = CB672AE02052D2E80035D5C6 /* Assets.xcassets */; };
		CB672AE42052D2E80035D5C6 /* LaunchScreen.storyboard in Resources */ = {isa = PBXBuildFile; fileRef = CB672AE22052D2E80035D5C6 /* LaunchScreen.storyboard */; };
		CB6911E42053237B00E43180 /* CalendarViewController.swift in Sources */ = {isa = PBXBuildFile; fileRef = CB6911E32053237B00E43180 /* CalendarViewController.swift */; };
		CB6911E6205323C000E43180 /* ListViewController.swift in Sources */ = {isa = PBXBuildFile; fileRef = CB6911E5205323C000E43180 /* ListViewController.swift */; };
/* End PBXBuildFile section */

/* Begin PBXFileReference section */
		CB672AD32052D2E80035D5C6 /* rage_rabbit.app */ = {isa = PBXFileReference; explicitFileType = wrapper.application; includeInIndex = 0; path = rage_rabbit.app; sourceTree = BUILT_PRODUCTS_DIR; };
		CB672AD62052D2E80035D5C6 /* AppDelegate.swift */ = {isa = PBXFileReference; lastKnownFileType = sourcecode.swift; path = AppDelegate.swift; sourceTree = "<group>"; };
		CB672AD82052D2E80035D5C6 /* ViewController.swift */ = {isa = PBXFileReference; lastKnownFileType = sourcecode.swift; path = ViewController.swift; sourceTree = "<group>"; };
		CB672ADB2052D2E80035D5C6 /* Base */ = {isa = PBXFileReference; lastKnownFileType = file.storyboard; name = Base; path = Base.lproj/Main.storyboard; sourceTree = "<group>"; };
		CB672ADE2052D2E80035D5C6 /* rage_rabbit.xcdatamodel */ = {isa = PBXFileReference; lastKnownFileType = wrapper.xcdatamodel; path = rage_rabbit.xcdatamodel; sourceTree = "<group>"; };
		CB672AE02052D2E80035D5C6 /* Assets.xcassets */ = {isa = PBXFileReference; lastKnownFileType = folder.assetcatalog; path = Assets.xcassets; sourceTree = "<group>"; };
		CB672AE32052D2E80035D5C6 /* Base */ = {isa = PBXFileReference; lastKnownFileType = file.storyboard; name = Base; path = Base.lproj/LaunchScreen.storyboard; sourceTree = "<group>"; };
		CB672AE52052D2E80035D5C6 /* Info.plist */ = {isa = PBXFileReference; lastKnownFileType = text.plist.xml; path = Info.plist; sourceTree = "<group>"; };
		CB6911E32053237B00E43180 /* CalendarViewController.swift */ = {isa = PBXFileReference; lastKnownFileType = sourcecode.swift; path = CalendarViewController.swift; sourceTree = "<group>"; };
		CB6911E5205323C000E43180 /* ListViewController.swift */ = {isa = PBXFileReference; lastKnownFileType = sourcecode.swift; path = ListViewController.swift; sourceTree = "<group>"; };
/* End PBXFileReference section */

/* Begin PBXFrameworksBuildPhase section */
		CB672AD02052D2E80035D5C6 /* Frameworks */ = {
			isa = PBXFrameworksBuildPhase;
			buildActionMask = 2147483647;
			files = (
			);
			runOnlyForDeploymentPostprocessing = 0;
		};
/* End PBXFrameworksBuildPhase section */

/* Begin PBXGroup section */
		CB672ACA2052D2E80035D5C6 = {
			isa = PBXGroup;
			children = (
				CB672AD52052D2E80035D5C6 /* rage_rabbit */,
				CB672AD42052D2E80035D5C6 /* Products */,
			);
			sourceTree = "<group>";
		};
		CB672AD42052D2E80035D5C6 /* Products */ = {
			isa = PBXGroup;
			children = (
				CB672AD32052D2E80035D5C6 /* rage_rabbit.app */,
			);
			name = Products;
			sourceTree = "<group>";
		};
		CB672AD52052D2E80035D5C6 /* rage_rabbit */ = {
			isa = PBXGroup;
			children = (
				CB672AD62052D2E80035D5C6 /* AppDelegate.swift */,
				CB672AD82052D2E80035D5C6 /* ViewController.swift */,
				CB6911E32053237B00E43180 /* CalendarViewController.swift */,
				CB6911E5205323C000E43180 /* ListViewController.swift */,
				CB672ADA2052D2E80035D5C6 /* Main.storyboard */,
				CB672AE02052D2E80035D5C6 /* Assets.xcassets */,
				CB672AE22052D2E80035D5C6 /* LaunchScreen.storyboard */,
				CB672AE52052D2E80035D5C6 /* Info.plist */,
				CB672ADD2052D2E80035D5C6 /* rage_rabbit.xcdatamodeld */,
			);
			path = rage_rabbit;
			sourceTree = "<group>";
		};
/* End PBXGroup section */

/* Begin PBXNativeTarget section */
		CB672AD22052D2E80035D5C6 /* rage_rabbit */ = {
			isa = PBXNativeTarget;
			buildConfigurationList = CB672AE82052D2E80035D5C6 /* Build configuration list for PBXNativeTarget "rage_rabbit" */;
			buildPhases = (
				CB672ACF2052D2E80035D5C6 /* Sources */,
				CB672AD02052D2E80035D5C6 /* Frameworks */,
				CB672AD12052D2E80035D5C6 /* Resources */,
			);
			buildRules = (
			);
			dependencies = (
			);
			name = rage_rabbit;
			productName = test;
			productReference = CB672AD32052D2E80035D5C6 /* rage_rabbit.app */;
			productType = "com.apple.product-type.application";
		};
/* End PBXNativeTarget section */

/* Begin PBXProject section */
		CB672ACB2052D2E80035D5C6 /* Project object */ = {
			isa = PBXProject;
			attributes = {
				LastSwiftUpdateCheck = 0920;
				LastUpgradeCheck = 0920;
				ORGANIZATIONNAME = persever;
				TargetAttributes = {
					CB672AD22052D2E80035D5C6 = {
						CreatedOnToolsVersion = 9.2;
						ProvisioningStyle = Automatic;
					};
				};
			};
			buildConfigurationList = CB672ACE2052D2E80035D5C6 /* Build configuration list for PBXProject "rage_rabbit" */;
			compatibilityVersion = "Xcode 8.0";
			developmentRegion = en;
			hasScannedForEncodings = 0;
			knownRegions = (
				en,
				Base,
			);
			mainGroup = CB672ACA2052D2E80035D5C6;
			productRefGroup = CB672AD42052D2E80035D5C6 /* Products */;
			projectDirPath = "";
			projectRoot = "";
			targets = (
				CB672AD22052D2E80035D5C6 /* rage_rabbit */,
			);
		};
/* End PBXProject section */

/* Begin PBXResourcesBuildPhase section */
		CB672AD12052D2E80035D5C6 /* Resources */ = {
			isa = PBXResourcesBuildPhase;
			buildActionMask = 2147483647;
			files = (
				CB672AE42052D2E80035D5C6 /* LaunchScreen.storyboard in Resources */,
				CB672AE12052D2E80035D5C6 /* Assets.xcassets in Resources */,
				CB672ADC2052D2E80035D5C6 /* Main.storyboard in Resources */,
			);
			runOnlyForDeploymentPostprocessing = 0;
		};
/* End PBXResourcesBuildPhase section */

/* Begin PBXSourcesBuildPhase section */
		CB672ACF2052D2E80035D5C6 /* Sources */ = {
			isa = PBXSourcesBuildPhase;
			buildActionMask = 2147483647;
			files = (
				CB6911E42053237B00E43180 /* CalendarViewController.swift in Sources */,
				CB672AD92052D2E80035D5C6 /* ViewController.swift in Sources */,
				CB672AD72052D2E80035D5C6 /* AppDelegate.swift in Sources */,
				CB6911E6205323C000E43180 /* ListViewController.swift in Sources */,
				CB672ADF2052D2E80035D5C6 /* rage_rabbit.xcdatamodeld in Sources */,
			);
			runOnlyForDeploymentPostprocessing = 0;
		};
/* End PBXSourcesBuildPhase section */

/* Begin PBXVariantGroup section */
		CB672ADA2052D2E80035D5C6 /* Main.storyboard */ = {
			isa = PBXVariantGroup;
			children = (
				CB672ADB2052D2E80035D5C6 /* Base */,
			);
			name = Main.storyboard;
			sourceTree = "<group>";
		};
		CB672AE22052D2E80035D5C6 /* LaunchScreen.storyboard */ = {
			isa = PBXVariantGroup;
			children = (
				CB672AE32052D2E80035D5C6 /* Base */,
			);
			name = LaunchScreen.storyboard;
			sourceTree = "<group>";
		};
/* End PBXVariantGroup section */

/* Begin XCBuildConfiguration section */
		CB672AE62052D2E80035D5C6 /* Debug */ = {
			isa = XCBuildConfiguration;
			buildSettings = {
				ALWAYS_SEARCH_USER_PATHS = NO;
				CLANG_ANALYZER_NONNULL = YES;
				CLANG_ANALYZER_NUMBER_OBJECT_CONVERSION = YES_AGGRESSIVE;
				CLANG_CXX_LANGUAGE_STANDARD = "gnu++14";
				CLANG_CXX_LIBRARY = "libc++";
				CLANG_ENABLE_MODULES = YES;
				CLANG_ENABLE_OBJC_ARC = YES;
				CLANG_WARN_BLOCK_CAPTURE_AUTORELEASING = YES;
				CLANG_WARN_BOOL_CONVERSION = YES;
				CLANG_WARN_COMMA = YES;
				CLANG_WARN_CONSTANT_CONVERSION = YES;
				CLANG_WARN_DIRECT_OBJC_ISA_USAGE = YES_ERROR;
				CLANG_WARN_DOCUMENTATION_COMMENTS = YES;
				CLANG_WARN_EMPTY_BODY = YES;
				CLANG_WARN_ENUM_CONVERSION = YES;
				CLANG_WARN_INFINITE_RECURSION = YES;
				CLANG_WARN_INT_CONVERSION = YES;
				CLANG_WARN_NON_LITERAL_NULL_CONVERSION = YES;
				CLANG_WARN_OBJC_LITERAL_CONVERSION = YES;
				CLANG_WARN_OBJC_ROOT_CLASS = YES_ERROR;
				CLANG_WARN_RANGE_LOOP_ANALYSIS = YES;
				CLANG_WARN_STRICT_PROTOTYPES = YES;
				CLANG_WARN_SUSPICIOUS_MOVE = YES;
				CLANG_WARN_UNGUARDED_AVAILABILITY = YES_AGGRESSIVE;
				CLANG_WARN_UNREACHABLE_CODE = YES;
				CLANG_WARN__DUPLICATE_METHOD_MATCH = YES;
				CODE_SIGN_IDENTITY = "iPhone Developer";
				COPY_PHASE_STRIP = NO;
				DEBUG_INFORMATION_FORMAT = dwarf;
				ENABLE_STRICT_OBJC_MSGSEND = YES;
				ENABLE_TESTABILITY = YES;
				GCC_C_LANGUAGE_STANDARD = gnu11;
				GCC_DYNAMIC_NO_PIC = NO;
				GCC_NO_COMMON_BLOCKS = YES;
				GCC_OPTIMIZATION_LEVEL = 0;
				GCC_PREPROCESSOR_DEFINITIONS = (
					"DEBUG=1",
					"$(inherited)",
				);
				GCC_WARN_64_TO_32_BIT_CONVERSION = YES;
				GCC_WARN_ABOUT_RETURN_TYPE = YES_ERROR;
				GCC_WARN_UNDECLARED_SELECTOR = YES;
				GCC_WARN_UNINITIALIZED_AUTOS = YES_AGGRESSIVE;
				GCC_WARN_UNUSED_FUNCTION = YES;
				GCC_WARN_UNUSED_VARIABLE = YES;
				IPHONEOS_DEPLOYMENT_TARGET = 11.2;
				MTL_ENABLE_DEBUG_INFO = YES;
				ONLY_ACTIVE_ARCH = YES;
				SDKROOT = iphoneos;
				SWIFT_ACTIVE_COMPILATION_CONDITIONS = DEBUG;
				SWIFT_OPTIMIZATION_LEVEL = "-Onone";
			};
			name = Debug;
		};
		CB672AE72052D2E80035D5C6 /* Release */ = {
			isa = XCBuildConfiguration;
			buildSettings = {
				ALWAYS_SEARCH_USER_PATHS = NO;
				CLANG_ANALYZER_NONNULL = YES;
				CLANG_ANALYZER_NUMBER_OBJECT_CONVERSION = YES_AGGRESSIVE;
				CLANG_CXX_LANGUAGE_STANDARD = "gnu++14";
				CLANG_CXX_LIBRARY = "libc++";
				CLANG_ENABLE_MODULES = YES;
				CLANG_ENABLE_OBJC_ARC = YES;
				CLANG_WARN_BLOCK_CAPTURE_AUTORELEASING = YES;
				CLANG_WARN_BOOL_CONVERSION = YES;
				CLANG_WARN_COMMA = YES;
				CLANG_WARN_CONSTANT_CONVERSION = YES;
				CLANG_WARN_DIRECT_OBJC_ISA_USAGE = YES_ERROR;
				CLANG_WARN_DOCUMENTATION_COMMENTS = YES;
				CLANG_WARN_EMPTY_BODY = YES;
				CLANG_WARN_ENUM_CONVERSION = YES;
				CLANG_WARN_INFINITE_RECURSION = YES;
				CLANG_WARN_INT_CONVERSION = YES;
				CLANG_WARN_NON_LITERAL_NULL_CONVERSION = YES;
				CLANG_WARN_OBJC_LITERAL_CONVERSION = YES;
				CLANG_WARN_OBJC_ROOT_CLASS = YES_ERROR;
				CLANG_WARN_RANGE_LOOP_ANALYSIS = YES;
				CLANG_WARN_STRICT_PROTOTYPES = YES;
				CLANG_WARN_SUSPICIOUS_MOVE = YES;
				CLANG_WARN_UNGUARDED_AVAILABILITY = YES_AGGRESSIVE;
				CLANG_WARN_UNREACHABLE_CODE = YES;
				CLANG_WARN__DUPLICATE_METHOD_MATCH = YES;
				CODE_SIGN_IDENTITY = "iPhone Developer";
				COPY_PHASE_STRIP = NO;
				DEBUG_INFORMATION_FORMAT = "dwarf-with-dsym";
				ENABLE_NS_ASSERTIONS = NO;
				ENABLE_STRICT_OBJC_MSGSEND = YES;
				GCC_C_LANGUAGE_STANDARD = gnu11;
				GCC_NO_COMMON_BLOCKS = YES;
				GCC_WARN_64_TO_32_BIT_CONVERSION = YES;
				GCC_WARN_ABOUT_RETURN_TYPE = YES_ERROR;
				GCC_WARN_UNDECLARED_SELECTOR = YES;
				GCC_WARN_UNINITIALIZED_AUTOS = YES_AGGRESSIVE;
				GCC_WARN_UNUSED_FUNCTION = YES;
				GCC_WARN_UNUSED_VARIABLE = YES;
				IPHONEOS_DEPLOYMENT_TARGET = 11.2;
				MTL_ENABLE_DEBUG_INFO = NO;
				SDKROOT = iphoneos;
				SWIFT_OPTIMIZATION_LEVEL = "-Owholemodule";
				VALIDATE_PRODUCT = YES;
			};
			name = Release;
		};
		CB672AE92052D2E80035D5C6 /* Debug */ = {
			isa = XCBuildConfiguration;
			buildSettings = {
				ASSETCATALOG_COMPILER_APPICON_NAME = AppIcon;
				CODE_SIGN_STYLE = Automatic;
				INFOPLIST_FILE = rage_rabbit/Info.plist;
				LD_RUNPATH_SEARCH_PATHS = "$(inherited) @executable_path/Frameworks";
				PRODUCT_BUNDLE_IDENTIFIER = com.perservere.test;
				PRODUCT_NAME = "$(TARGET_NAME)";
				SWIFT_VERSION = 4.0;
				TARGETED_DEVICE_FAMILY = "1,2";
			};
			name = Debug;
		};
		CB672AEA2052D2E80035D5C6 /* Release */ = {
			isa = XCBuildConfiguration;
			buildSettings = {
				ASSETCATALOG_COMPILER_APPICON_NAME = AppIcon;
				CODE_SIGN_STYLE = Automatic;
				INFOPLIST_FILE = rage_rabbit/Info.plist;
				LD_RUNPATH_SEARCH_PATHS = "$(inherited) @executable_path/Frameworks";
				PRODUCT_BUNDLE_IDENTIFIER = com.perservere.test;
				PRODUCT_NAME = "$(TARGET_NAME)";
				SWIFT_VERSION = 4.0;
				TARGETED_DEVICE_FAMILY = "1,2";
			};
			name = Release;
		};
/* End XCBuildConfiguration section */

/* Begin XCConfigurationList section */
		CB672ACE2052D2E80035D5C6 /* Build configuration list for PBXProject "rage_rabbit" */ = {
			isa = XCConfigurationList;
			buildConfigurations = (
				CB672AE62052D2E80035D5C6 /* Debug */,
				CB672AE72052D2E80035D5C6 /* Release */,
			);
			defaultConfigurationIsVisible = 0;
			defaultConfigurationName = Release;
		};
		CB672AE82052D2E80035D5C6 /* Build configuration list for PBXNativeTarget "rage_rabbit" */ = {
			isa = XCConfigurationList;
			buildConfigurations = (
				CB672AE92052D2E80035D5C6 /* Debug */,
				CB672AEA2052D2E80035D5C6 /* Release */,
			);
			defaultConfigurationIsVisible = 0;
			defaultConfigurationName = Release;
		};
/* End XCConfigurationList section */

/* Begin XCVersionGroup section */
		CB672ADD2052D2E80035D5C6 /* rage_rabbit.xcdatamodeld */ = {
			isa = XCVersionGroup;
			children = (
				CB672ADE2052D2E80035D5C6 /* rage_rabbit.xcdatamodel */,
			);
			currentVersion = CB672ADE2052D2E80035D5C6 /* rage_rabbit.xcdatamodel */;
			path = rage_rabbit.xcdatamodeld;
			sourceTree = "<group>";
			versionGroupType = wrapper.xcdatamodel;
		};
/* End XCVersionGroup section */
	};
	rootObject = CB672ACB2052D2E80035D5C6 /* Project object */;
}
